// !$*UTF8*$!
{
	archiveVersion = 1;
	classes = {
	};
	objectVersion = 46;
	objects = {

/* Begin PBXBuildFile section */
		D130ACD91C181D150069D85D /* AppDelegate.swift in Sources */ = {isa = PBXBuildFile; fileRef = D130ACD81C181D150069D85D /* AppDelegate.swift */; };
		D130ACDB1C181D150069D85D /* MainViewController.swift in Sources */ = {isa = PBXBuildFile; fileRef = D130ACDA1C181D150069D85D /* MainViewController.swift */; };
		D130ACDE1C181D150069D85D /* Main.storyboard in Resources */ = {isa = PBXBuildFile; fileRef = D130ACDC1C181D150069D85D /* Main.storyboard */; };
		D130ACE01C181D150069D85D /* Assets.xcassets in Resources */ = {isa = PBXBuildFile; fileRef = D130ACDF1C181D150069D85D /* Assets.xcassets */; };
		D130ACE31C181D150069D85D /* LaunchScreen.storyboard in Resources */ = {isa = PBXBuildFile; fileRef = D130ACE11C181D150069D85D /* LaunchScreen.storyboard */; };
		D130ACEE1C181D150069D85D /* iOS_TableVIewTests.swift in Sources */ = {isa = PBXBuildFile; fileRef = D130ACED1C181D150069D85D /* iOS_TableVIewTests.swift */; };
/* End PBXBuildFile section */

/* Begin PBXContainerItemProxy section */
		D130ACEA1C181D150069D85D /* PBXContainerItemProxy */ = {
			isa = PBXContainerItemProxy;
			containerPortal = D130ACCD1C181D150069D85D /* Project object */;
			proxyType = 1;
			remoteGlobalIDString = D130ACD41C181D150069D85D;
			remoteInfo = iOS_TableVIew;
		};
/* End PBXContainerItemProxy section */

/* Begin PBXFileReference section */
		D130ACD51C181D150069D85D /* iOS_TableVIew.app */ = {isa = PBXFileReference; explicitFileType = wrapper.application; includeInIndex = 0; path = iOS_TableVIew.app; sourceTree = BUILT_PRODUCTS_DIR; };
		D130ACD81C181D150069D85D /* AppDelegate.swift */ = {isa = PBXFileReference; lastKnownFileType = sourcecode.swift; path = AppDelegate.swift; sourceTree = "<group>"; };
		D130ACDA1C181D150069D85D /* MainViewController.swift */ = {isa = PBXFileReference; lastKnownFileType = sourcecode.swift; path = MainViewController.swift; sourceTree = "<group>"; };
		D130ACDD1C181D150069D85D /* Base */ = {isa = PBXFileReference; lastKnownFileType = file.storyboard; name = Base; path = Base.lproj/Main.storyboard; sourceTree = "<group>"; };
		D130ACDF1C181D150069D85D /* Assets.xcassets */ = {isa = PBXFileReference; lastKnownFileType = folder.assetcatalog; path = Assets.xcassets; sourceTree = "<group>"; };
		D130ACE21C181D150069D85D /* Base */ = {isa = PBXFileReference; lastKnownFileType = file.storyboard; name = Base; path = Base.lproj/LaunchScreen.storyboard; sourceTree = "<group>"; };
		D130ACE41C181D150069D85D /* Info.plist */ = {isa = PBXFileReference; lastKnownFileType = text.plist.xml; path = Info.plist; sourceTree = "<group>"; };
		D130ACE91C181D150069D85D /* iOS_TableVIewTests.xctest */ = {isa = PBXFileReference; explicitFileType = wrapper.cfbundle; includeInIndex = 0; path = iOS_TableVIewTests.xctest; sourceTree = BUILT_PRODUCTS_DIR; };
		D130ACED1C181D150069D85D /* iOS_TableVIewTests.swift */ = {isa = PBXFileReference; lastKnownFileType = sourcecode.swift; path = iOS_TableVIewTests.swift; sourceTree = "<group>"; };
		D130ACEF1C181D150069D85D /* Info.plist */ = {isa = PBXFileReference; lastKnownFileType = text.plist.xml; path = Info.plist; sourceTree = "<group>"; };
/* End PBXFileReference section */

/* Begin PBXFrameworksBuildPhase section */
		D130ACD21C181D150069D85D /* Frameworks */ = {
			isa = PBXFrameworksBuildPhase;
			buildActionMask = 2147483647;
			files = (
			);
			runOnlyForDeploymentPostprocessing = 0;
		};
		D130ACE61C181D150069D85D /* Frameworks */ = {
			isa = PBXFrameworksBuildPhase;
			buildActionMask = 2147483647;
			files = (
			);
			runOnlyForDeploymentPostprocessing = 0;
		};
/* End PBXFrameworksBuildPhase section */

/* Begin PBXGroup section */
		D130ACCC1C181D150069D85D = {
			isa = PBXGroup;
			children = (
				D130ACD71C181D150069D85D /* iOS_TableVIew */,
				D130ACEC1C181D150069D85D /* iOS_TableVIewTests */,
				D130ACD61C181D150069D85D /* Products */,
			);
			sourceTree = "<group>";
		};
		D130ACD61C181D150069D85D /* Products */ = {
			isa = PBXGroup;
			children = (
				D130ACD51C181D150069D85D /* iOS_TableVIew.app */,
				D130ACE91C181D150069D85D /* iOS_TableVIewTests.xctest */,
			);
			name = Products;
			sourceTree = "<group>";
		};
		D130ACD71C181D150069D85D /* iOS_TableVIew */ = {
			isa = PBXGroup;
			children = (
				D130ACF81C1822110069D85D /* System */,
				D130ACDA1C181D150069D85D /* MainViewController.swift */,
				D130ACDF1C181D150069D85D /* Assets.xcassets */,
				D130ACE41C181D150069D85D /* Info.plist */,
			);
			path = iOS_TableVIew;
			sourceTree = "<group>";
		};
		D130ACEC1C181D150069D85D /* iOS_TableVIewTests */ = {
			isa = PBXGroup;
			children = (
				D130ACED1C181D150069D85D /* iOS_TableVIewTests.swift */,
				D130ACEF1C181D150069D85D /* Info.plist */,
			);
			path = iOS_TableVIewTests;
			sourceTree = "<group>";
		};
		D130ACF81C1822110069D85D /* System */ = {
			isa = PBXGroup;
			children = (
				D130ACD81C181D150069D85D /* AppDelegate.swift */,
				D130ACE11C181D150069D85D /* LaunchScreen.storyboard */,
				D130ACDC1C181D150069D85D /* Main.storyboard */,
			);
			name = System;
			sourceTree = "<group>";
		};
/* End PBXGroup section */

/* Begin PBXNativeTarget section */
		D130ACD41C181D150069D85D /* iOS_TableVIew */ = {
			isa = PBXNativeTarget;
			buildConfigurationList = D130ACF21C181D150069D85D /* Build configuration list for PBXNativeTarget "iOS_TableVIew" */;
			buildPhases = (
				D130ACD11C181D150069D85D /* Sources */,
				D130ACD21C181D150069D85D /* Frameworks */,
				D130ACD31C181D150069D85D /* Resources */,
			);
			buildRules = (
			);
			dependencies = (
			);
			name = iOS_TableVIew;
			productName = iOS_TableVIew;
			productReference = D130ACD51C181D150069D85D /* iOS_TableVIew.app */;
			productType = "com.apple.product-type.application";
		};
		D130ACE81C181D150069D85D /* iOS_TableVIewTests */ = {
			isa = PBXNativeTarget;
			buildConfigurationList = D130ACF51C181D150069D85D /* Build configuration list for PBXNativeTarget "iOS_TableVIewTests" */;
			buildPhases = (
				D130ACE51C181D150069D85D /* Sources */,
				D130ACE61C181D150069D85D /* Frameworks */,
				D130ACE71C181D150069D85D /* Resources */,
			);
			buildRules = (
			);
			dependencies = (
				D130ACEB1C181D150069D85D /* PBXTargetDependency */,
			);
			name = iOS_TableVIewTests;
			productName = iOS_TableVIewTests;
			productReference = D130ACE91C181D150069D85D /* iOS_TableVIewTests.xctest */;
			productType = "com.apple.product-type.bundle.unit-test";
		};
/* End PBXNativeTarget section */

/* Begin PBXProject section */
		D130ACCD1C181D150069D85D /* Project object */ = {
			isa = PBXProject;
			attributes = {
				LastSwiftUpdateCheck = 0720;
				LastUpgradeCheck = 0720;
				ORGANIZATIONNAME = xiaoma;
				TargetAttributes = {
					D130ACD41C181D150069D85D = {
						CreatedOnToolsVersion = 7.2;
					};
					D130ACE81C181D150069D85D = {
						CreatedOnToolsVersion = 7.2;
						TestTargetID = D130ACD41C181D150069D85D;
					};
				};
			};
			buildConfigurationList = D130ACD01C181D150069D85D /* Build configuration list for PBXProject "iOS_TableVIew" */;
			compatibilityVersion = "Xcode 3.2";
			developmentRegion = English;
			hasScannedForEncodings = 0;
			knownRegions = (
				en,
				Base,
			);
			mainGroup = D130ACCC1C181D150069D85D;
			productRefGroup = D130ACD61C181D150069D85D /* Products */;
			projectDirPath = "";
			projectRoot = "";
			targets = (
				D130ACD41C181D150069D85D /* iOS_TableVIew */,
				D130ACE81C181D150069D85D /* iOS_TableVIewTests */,
			);
		};
/* End PBXProject section */

/* Begin PBXResourcesBuildPhase section */
		D130ACD31C181D150069D85D /* Resources */ = {
			isa = PBXResourcesBuildPhase;
			buildActionMask = 2147483647;
			files = (
				D130ACE31C181D150069D85D /* LaunchScreen.storyboard in Resources */,
				D130ACE01C181D150069D85D /* Assets.xcassets in Resources */,
				D130ACDE1C181D150069D85D /* Main.storyboard in Resources */,
			);
			runOnlyForDeploymentPostprocessing = 0;
		};
		D130ACE71C181D150069D85D /* Resources */ = {
			isa = PBXResourcesBuildPhase;
			buildActionMask = 2147483647;
			files = (
			);
			runOnlyForDeploymentPostprocessing = 0;
		};
/* End PBXResourcesBuildPhase section */

/* Begin PBXSourcesBuildPhase section */
		D130ACD11C181D150069D85D /* Sources */ = {
			isa = PBXSourcesBuildPhase;
			buildActionMask = 2147483647;
			files = (
				D130ACDB1C181D150069D85D /* MainViewController.swift in Sources */,
				D130ACD91C181D150069D85D /* AppDelegate.swift in Sources */,
			);
			runOnlyForDeploymentPostprocessing = 0;
		};
		D130ACE51C181D150069D85D /* Sources */ = {
			isa = PBXSourcesBuildPhase;
			buildActionMask = 2147483647;
			files = (
				D130ACEE1C181D150069D85D /* iOS_TableVIewTests.swift in Sources */,
			);
			runOnlyForDeploymentPostprocessing = 0;
		};
/* End PBXSourcesBuildPhase section */

/* Begin PBXTargetDependency section */
		D130ACEB1C181D150069D85D /* PBXTargetDependency */ = {
			isa = PBXTargetDependency;
			target = D130ACD41C181D150069D85D /* iOS_TableVIew */;
			targetProxy = D130ACEA1C181D150069D85D /* PBXContainerItemProxy */;
		};
/* End PBXTargetDependency section */

/* Begin PBXVariantGroup section */
		D130ACDC1C181D150069D85D /* Main.storyboard */ = {
			isa = PBXVariantGroup;
			children = (
				D130ACDD1C181D150069D85D /* Base */,
			);
			name = Main.storyboard;
			sourceTree = "<group>";
		};
		D130ACE11C181D150069D85D /* LaunchScreen.storyboard */ = {
			isa = PBXVariantGroup;
			children = (
				D130ACE21C181D150069D85D /* Base */,
			);
			name = LaunchScreen.storyboard;
			sourceTree = "<group>";
		};
/* End PBXVariantGroup section */

/* Begin XCBuildConfiguration section */
		D130ACF01C181D150069D85D /* Debug */ = {
			isa = XCBuildConfiguration;
			buildSettings = {
				ALWAYS_SEARCH_USER_PATHS = NO;
				CLANG_CXX_LANGUAGE_STANDARD = "gnu++0x";
				CLANG_CXX_LIBRARY = "libc++";
				CLANG_ENABLE_MODULES = YES;
				CLANG_ENABLE_OBJC_ARC = YES;
				CLANG_WARN_BOOL_CONVERSION = YES;
				CLANG_WARN_CONSTANT_CONVERSION = YES;
				CLANG_WARN_DIRECT_OBJC_ISA_USAGE = YES_ERROR;
				CLANG_WARN_EMPTY_BODY = YES;
				CLANG_WARN_ENUM_CONVERSION = YES;
				CLANG_WARN_INT_CONVERSION = YES;
				CLANG_WARN_OBJC_ROOT_CLASS = YES_ERROR;
				CLANG_WARN_UNREACHABLE_CODE = YES;
				CLANG_WARN__DUPLICATE_METHOD_MATCH = YES;
				"CODE_SIGN_IDENTITY[sdk=iphoneos*]" = "iPhone Developer";
				COPY_PHASE_STRIP = NO;
				DEBUG_INFORMATION_FORMAT = dwarf;
				ENABLE_STRICT_OBJC_MSGSEND = YES;
				ENABLE_TESTABILITY = YES;
				GCC_C_LANGUAGE_STANDARD = gnu99;
				GCC_DYNAMIC_NO_PIC = NO;
				GCC_NO_COMMON_BLOCKS = YES;
				GCC_OPTIMIZATION_LEVEL = 0;
				GCC_PREPROCESSOR_DEFINITIONS = (
					"DEBUG=1",
					"$(inherited)",
				);
				GCC_WARN_64_TO_32_BIT_CONVERSION = YES;
				GCC_WARN_ABOUT_RETURN_TYPE = YES_ERROR;
				GCC_WARN_UNDECLARED_SELECTOR = YES;
				GCC_WARN_UNINITIALIZED_AUTOS = YES_AGGRESSIVE;
				GCC_WARN_UNUSED_FUNCTION = YES;
				GCC_WARN_UNUSED_VARIABLE = YES;
				IPHONEOS_DEPLOYMENT_TARGET = 9.0;
				MTL_ENABLE_DEBUG_INFO = YES;
				ONLY_ACTIVE_ARCH = YES;
				SDKROOT = iphoneos;
				SWIFT_OPTIMIZATION_LEVEL = "-Onone";
			};
			name = Debug;
		};
		D130ACF11C181D150069D85D /* Release */ = {
			isa = XCBuildConfiguration;
			buildSettings = {
				ALWAYS_SEARCH_USER_PATHS = NO;
				CLANG_CXX_LANGUAGE_STANDARD = "gnu++0x";
				CLANG_CXX_LIBRARY = "libc++";
				CLANG_ENABLE_MODULES = YES;
				CLANG_ENABLE_OBJC_ARC = YES;
				CLANG_WARN_BOOL_CONVERSION = YES;
				CLANG_WARN_CONSTANT_CONVERSION = YES;
				CLANG_WARN_DIRECT_OBJC_ISA_USAGE = YES_ERROR;
				CLANG_WARN_EMPTY_BODY = YES;
				CLANG_WARN_ENUM_CONVERSION = YES;
				CLANG_WARN_INT_CONVERSION = YES;
				CLANG_WARN_OBJC_ROOT_CLASS = YES_ERROR;
				CLANG_WARN_UNREACHABLE_CODE = YES;
				CLANG_WARN__DUPLICATE_METHOD_MATCH = YES;
				"CODE_SIGN_IDENTITY[sdk=iphoneos*]" = "iPhone Developer";
				COPY_PHASE_STRIP = NO;
				DEBUG_INFORMATION_FORMAT = "dwarf-with-dsym";
				ENABLE_NS_ASSERTIONS = NO;
				ENABLE_STRICT_OBJC_MSGSEND = YES;
				GCC_C_LANGUAGE_STANDARD = gnu99;
				GCC_NO_COMMON_BLOCKS = YES;
				GCC_WARN_64_TO_32_BIT_CONVERSION = YES;
				GCC_WARN_ABOUT_RETURN_TYPE = YES_ERROR;
				GCC_WARN_UNDECLARED_SELECTOR = YES;
				GCC_WARN_UNINITIALIZED_AUTOS = YES_AGGRESSIVE;
				GCC_WARN_UNUSED_FUNCTION = YES;
				GCC_WARN_UNUSED_VARIABLE = YES;
				IPHONEOS_DEPLOYMENT_TARGET = 9.0;
				MTL_ENABLE_DEBUG_INFO = NO;
				SDKROOT = iphoneos;
				VALIDATE_PRODUCT = YES;
			};
			name = Release;
		};
		D130ACF31C181D150069D85D /* Debug */ = {
			isa = XCBuildConfiguration;
			buildSettings = {
				ASSETCATALOG_COMPILER_APPICON_NAME = AppIcon;
				INFOPLIST_FILE = iOS_TableVIew/Info.plist;
				LD_RUNPATH_SEARCH_PATHS = "$(inherited) @executable_path/Frameworks";
				PRODUCT_BUNDLE_IDENTIFIER = "jp.osser.iOS-TableVIew";
				PRODUCT_NAME = "$(TARGET_NAME)";
			};
			name = Debug;
		};
		D130ACF41C181D150069D85D /* Release */ = {
			isa = XCBuildConfiguration;
			buildSettings = {
				ASSETCATALOG_COMPILER_APPICON_NAME = AppIcon;
				INFOPLIST_FILE = iOS_TableVIew/Info.plist;
				LD_RUNPATH_SEARCH_PATHS = "$(inherited) @executable_path/Frameworks";
				PRODUCT_BUNDLE_IDENTIFIER = "jp.osser.iOS-TableVIew";
				PRODUCT_NAME = "$(TARGET_NAME)";
			};
			name = Release;
		};
		D130ACF61C181D150069D85D /* Debug */ = {
			isa = XCBuildConfiguration;
			buildSettings = {
				BUNDLE_LOADER = "$(TEST_HOST)";
				INFOPLIST_FILE = iOS_TableVIewTests/Info.plist;
				LD_RUNPATH_SEARCH_PATHS = "$(inherited) @executable_path/Frameworks @loader_path/Frameworks";
				PRODUCT_BUNDLE_IDENTIFIER = "jp.osser.iOS-TableVIewTests";
				PRODUCT_NAME = "$(TARGET_NAME)";
				TEST_HOST = "$(BUILT_PRODUCTS_DIR)/iOS_TableVIew.app/iOS_TableVIew";
			};
			name = Debug;
		};
		D130ACF71C181D150069D85D /* Release */ = {
			isa = XCBuildConfiguration;
			buildSettings = {
				BUNDLE_LOADER = "$(TEST_HOST)";
				INFOPLIST_FILE = iOS_TableVIewTests/Info.plist;
				LD_RUNPATH_SEARCH_PATHS = "$(inherited) @executable_path/Frameworks @loader_path/Frameworks";
				PRODUCT_BUNDLE_IDENTIFIER = "jp.osser.iOS-TableVIewTests";
				PRODUCT_NAME = "$(TARGET_NAME)";
				TEST_HOST = "$(BUILT_PRODUCTS_DIR)/iOS_TableVIew.app/iOS_TableVIew";
			};
			name = Release;
		};
/* End XCBuildConfiguration section */

/* Begin XCConfigurationList section */
		D130ACD01C181D150069D85D /* Build configuration list for PBXProject "iOS_TableVIew" */ = {
			isa = XCConfigurationList;
			buildConfigurations = (
				D130ACF01C181D150069D85D /* Debug */,
				D130ACF11C181D150069D85D /* Release */,
			);
			defaultConfigurationIsVisible = 0;
			defaultConfigurationName = Release;
		};
		D130ACF21C181D150069D85D /* Build configuration list for PBXNativeTarget "iOS_TableVIew" */ = {
			isa = XCConfigurationList;
			buildConfigurations = (
				D130ACF31C181D150069D85D /* Debug */,
				D130ACF41C181D150069D85D /* Release */,
			);
			defaultConfigurationIsVisible = 0;
		};
		D130ACF51C181D150069D85D /* Build configuration list for PBXNativeTarget "iOS_TableVIewTests" */ = {
			isa = XCConfigurationList;
			buildConfigurations = (
				D130ACF61C181D150069D85D /* Debug */,
				D130ACF71C181D150069D85D /* Release */,
			);
			defaultConfigurationIsVisible = 0;
		};
/* End XCConfigurationList section */
	};
	rootObject = D130ACCD1C181D150069D85D /* Project object */;
}
