// !$*UTF8*$!
{
	archiveVersion = 1;
	classes = {
	};
	objectVersion = 46;
	objects = {

/* Begin PBXBuildFile section */
		D144C4111C150B6D007B0840 /* AppDelegate.swift in Sources */ = {isa = PBXBuildFile; fileRef = D144C4101C150B6D007B0840 /* AppDelegate.swift */; };
		D144C4131C150B6D007B0840 /* ViewController.swift in Sources */ = {isa = PBXBuildFile; fileRef = D144C4121C150B6D007B0840 /* ViewController.swift */; };
		D144C4161C150B6D007B0840 /* Main.storyboard in Resources */ = {isa = PBXBuildFile; fileRef = D144C4141C150B6D007B0840 /* Main.storyboard */; };
		D144C4181C150B6D007B0840 /* Assets.xcassets in Resources */ = {isa = PBXBuildFile; fileRef = D144C4171C150B6D007B0840 /* Assets.xcassets */; };
		D144C41B1C150B6D007B0840 /* LaunchScreen.storyboard in Resources */ = {isa = PBXBuildFile; fileRef = D144C4191C150B6D007B0840 /* LaunchScreen.storyboard */; };
		D144C4261C150B6D007B0840 /* GuessTheNumberTests.swift in Sources */ = {isa = PBXBuildFile; fileRef = D144C4251C150B6D007B0840 /* GuessTheNumberTests.swift */; };
/* End PBXBuildFile section */

/* Begin PBXContainerItemProxy section */
		D144C4221C150B6D007B0840 /* PBXContainerItemProxy */ = {
			isa = PBXContainerItemProxy;
			containerPortal = D144C4051C150B6D007B0840 /* Project object */;
			proxyType = 1;
			remoteGlobalIDString = D144C40C1C150B6D007B0840;
			remoteInfo = GuessTheNumber;
		};
/* End PBXContainerItemProxy section */

/* Begin PBXFileReference section */
		D144C40D1C150B6D007B0840 /* GuessTheNumber.app */ = {isa = PBXFileReference; explicitFileType = wrapper.application; includeInIndex = 0; path = GuessTheNumber.app; sourceTree = BUILT_PRODUCTS_DIR; };
		D144C4101C150B6D007B0840 /* AppDelegate.swift */ = {isa = PBXFileReference; lastKnownFileType = sourcecode.swift; path = AppDelegate.swift; sourceTree = "<group>"; };
		D144C4121C150B6D007B0840 /* ViewController.swift */ = {isa = PBXFileReference; lastKnownFileType = sourcecode.swift; path = ViewController.swift; sourceTree = "<group>"; };
		D144C4151C150B6D007B0840 /* Base */ = {isa = PBXFileReference; lastKnownFileType = file.storyboard; name = Base; path = Base.lproj/Main.storyboard; sourceTree = "<group>"; };
		D144C4171C150B6D007B0840 /* Assets.xcassets */ = {isa = PBXFileReference; lastKnownFileType = folder.assetcatalog; path = Assets.xcassets; sourceTree = "<group>"; };
		D144C41A1C150B6D007B0840 /* Base */ = {isa = PBXFileReference; lastKnownFileType = file.storyboard; name = Base; path = Base.lproj/LaunchScreen.storyboard; sourceTree = "<group>"; };
		D144C41C1C150B6D007B0840 /* Info.plist */ = {isa = PBXFileReference; lastKnownFileType = text.plist.xml; path = Info.plist; sourceTree = "<group>"; };
		D144C4211C150B6D007B0840 /* GuessTheNumberTests.xctest */ = {isa = PBXFileReference; explicitFileType = wrapper.cfbundle; includeInIndex = 0; path = GuessTheNumberTests.xctest; sourceTree = BUILT_PRODUCTS_DIR; };
		D144C4251C150B6D007B0840 /* GuessTheNumberTests.swift */ = {isa = PBXFileReference; lastKnownFileType = sourcecode.swift; path = GuessTheNumberTests.swift; sourceTree = "<group>"; };
		D144C4271C150B6D007B0840 /* Info.plist */ = {isa = PBXFileReference; lastKnownFileType = text.plist.xml; path = Info.plist; sourceTree = "<group>"; };
/* End PBXFileReference section */

/* Begin PBXFrameworksBuildPhase section */
		D144C40A1C150B6D007B0840 /* Frameworks */ = {
			isa = PBXFrameworksBuildPhase;
			buildActionMask = 2147483647;
			files = (
			);
			runOnlyForDeploymentPostprocessing = 0;
		};
		D144C41E1C150B6D007B0840 /* Frameworks */ = {
			isa = PBXFrameworksBuildPhase;
			buildActionMask = 2147483647;
			files = (
			);
			runOnlyForDeploymentPostprocessing = 0;
		};
/* End PBXFrameworksBuildPhase section */

/* Begin PBXGroup section */
		D144C4041C150B6D007B0840 = {
			isa = PBXGroup;
			children = (
				D144C40F1C150B6D007B0840 /* GuessTheNumber */,
				D144C4241C150B6D007B0840 /* GuessTheNumberTests */,
				D144C40E1C150B6D007B0840 /* Products */,
			);
			sourceTree = "<group>";
		};
		D144C40E1C150B6D007B0840 /* Products */ = {
			isa = PBXGroup;
			children = (
				D144C40D1C150B6D007B0840 /* GuessTheNumber.app */,
				D144C4211C150B6D007B0840 /* GuessTheNumberTests.xctest */,
			);
			name = Products;
			sourceTree = "<group>";
		};
		D144C40F1C150B6D007B0840 /* GuessTheNumber */ = {
			isa = PBXGroup;
			children = (
				D144C4101C150B6D007B0840 /* AppDelegate.swift */,
				D144C4121C150B6D007B0840 /* ViewController.swift */,
				D144C4141C150B6D007B0840 /* Main.storyboard */,
				D144C4171C150B6D007B0840 /* Assets.xcassets */,
				D144C4191C150B6D007B0840 /* LaunchScreen.storyboard */,
				D144C41C1C150B6D007B0840 /* Info.plist */,
			);
			path = GuessTheNumber;
			sourceTree = "<group>";
		};
		D144C4241C150B6D007B0840 /* GuessTheNumberTests */ = {
			isa = PBXGroup;
			children = (
				D144C4251C150B6D007B0840 /* GuessTheNumberTests.swift */,
				D144C4271C150B6D007B0840 /* Info.plist */,
			);
			path = GuessTheNumberTests;
			sourceTree = "<group>";
		};
/* End PBXGroup section */

/* Begin PBXNativeTarget section */
		D144C40C1C150B6D007B0840 /* GuessTheNumber */ = {
			isa = PBXNativeTarget;
			buildConfigurationList = D144C42A1C150B6D007B0840 /* Build configuration list for PBXNativeTarget "GuessTheNumber" */;
			buildPhases = (
				D144C4091C150B6D007B0840 /* Sources */,
				D144C40A1C150B6D007B0840 /* Frameworks */,
				D144C40B1C150B6D007B0840 /* Resources */,
			);
			buildRules = (
			);
			dependencies = (
			);
			name = GuessTheNumber;
			productName = GuessTheNumber;
			productReference = D144C40D1C150B6D007B0840 /* GuessTheNumber.app */;
			productType = "com.apple.product-type.application";
		};
		D144C4201C150B6D007B0840 /* GuessTheNumberTests */ = {
			isa = PBXNativeTarget;
			buildConfigurationList = D144C42D1C150B6D007B0840 /* Build configuration list for PBXNativeTarget "GuessTheNumberTests" */;
			buildPhases = (
				D144C41D1C150B6D007B0840 /* Sources */,
				D144C41E1C150B6D007B0840 /* Frameworks */,
				D144C41F1C150B6D007B0840 /* Resources */,
			);
			buildRules = (
			);
			dependencies = (
				D144C4231C150B6D007B0840 /* PBXTargetDependency */,
			);
			name = GuessTheNumberTests;
			productName = GuessTheNumberTests;
			productReference = D144C4211C150B6D007B0840 /* GuessTheNumberTests.xctest */;
			productType = "com.apple.product-type.bundle.unit-test";
		};
/* End PBXNativeTarget section */

/* Begin PBXProject section */
		D144C4051C150B6D007B0840 /* Project object */ = {
			isa = PBXProject;
			attributes = {
				LastSwiftUpdateCheck = 0710;
				LastUpgradeCheck = 0710;
				ORGANIZATIONNAME = xiaoma;
				TargetAttributes = {
					D144C40C1C150B6D007B0840 = {
						CreatedOnToolsVersion = 7.1.1;
					};
					D144C4201C150B6D007B0840 = {
						CreatedOnToolsVersion = 7.1.1;
						TestTargetID = D144C40C1C150B6D007B0840;
					};
				};
			};
			buildConfigurationList = D144C4081C150B6D007B0840 /* Build configuration list for PBXProject "GuessTheNumber" */;
			compatibilityVersion = "Xcode 3.2";
			developmentRegion = English;
			hasScannedForEncodings = 0;
			knownRegions = (
				en,
				Base,
			);
			mainGroup = D144C4041C150B6D007B0840;
			productRefGroup = D144C40E1C150B6D007B0840 /* Products */;
			projectDirPath = "";
			projectRoot = "";
			targets = (
				D144C40C1C150B6D007B0840 /* GuessTheNumber */,
				D144C4201C150B6D007B0840 /* GuessTheNumberTests */,
			);
		};
/* End PBXProject section */

/* Begin PBXResourcesBuildPhase section */
		D144C40B1C150B6D007B0840 /* Resources */ = {
			isa = PBXResourcesBuildPhase;
			buildActionMask = 2147483647;
			files = (
				D144C41B1C150B6D007B0840 /* LaunchScreen.storyboard in Resources */,
				D144C4181C150B6D007B0840 /* Assets.xcassets in Resources */,
				D144C4161C150B6D007B0840 /* Main.storyboard in Resources */,
			);
			runOnlyForDeploymentPostprocessing = 0;
		};
		D144C41F1C150B6D007B0840 /* Resources */ = {
			isa = PBXResourcesBuildPhase;
			buildActionMask = 2147483647;
			files = (
			);
			runOnlyForDeploymentPostprocessing = 0;
		};
/* End PBXResourcesBuildPhase section */

/* Begin PBXSourcesBuildPhase section */
		D144C4091C150B6D007B0840 /* Sources */ = {
			isa = PBXSourcesBuildPhase;
			buildActionMask = 2147483647;
			files = (
				D144C4131C150B6D007B0840 /* ViewController.swift in Sources */,
				D144C4111C150B6D007B0840 /* AppDelegate.swift in Sources */,
			);
			runOnlyForDeploymentPostprocessing = 0;
		};
		D144C41D1C150B6D007B0840 /* Sources */ = {
			isa = PBXSourcesBuildPhase;
			buildActionMask = 2147483647;
			files = (
				D144C4261C150B6D007B0840 /* GuessTheNumberTests.swift in Sources */,
			);
			runOnlyForDeploymentPostprocessing = 0;
		};
/* End PBXSourcesBuildPhase section */

/* Begin PBXTargetDependency section */
		D144C4231C150B6D007B0840 /* PBXTargetDependency */ = {
			isa = PBXTargetDependency;
			target = D144C40C1C150B6D007B0840 /* GuessTheNumber */;
			targetProxy = D144C4221C150B6D007B0840 /* PBXContainerItemProxy */;
		};
/* End PBXTargetDependency section */

/* Begin PBXVariantGroup section */
		D144C4141C150B6D007B0840 /* Main.storyboard */ = {
			isa = PBXVariantGroup;
			children = (
				D144C4151C150B6D007B0840 /* Base */,
			);
			name = Main.storyboard;
			sourceTree = "<group>";
		};
		D144C4191C150B6D007B0840 /* LaunchScreen.storyboard */ = {
			isa = PBXVariantGroup;
			children = (
				D144C41A1C150B6D007B0840 /* Base */,
			);
			name = LaunchScreen.storyboard;
			sourceTree = "<group>";
		};
/* End PBXVariantGroup section */

/* Begin XCBuildConfiguration section */
		D144C4281C150B6D007B0840 /* Debug */ = {
			isa = XCBuildConfiguration;
			buildSettings = {
				ALWAYS_SEARCH_USER_PATHS = NO;
				CLANG_CXX_LANGUAGE_STANDARD = "gnu++0x";
				CLANG_CXX_LIBRARY = "libc++";
				CLANG_ENABLE_MODULES = YES;
				CLANG_ENABLE_OBJC_ARC = YES;
				CLANG_WARN_BOOL_CONVERSION = YES;
				CLANG_WARN_CONSTANT_CONVERSION = YES;
				CLANG_WARN_DIRECT_OBJC_ISA_USAGE = YES_ERROR;
				CLANG_WARN_EMPTY_BODY = YES;
				CLANG_WARN_ENUM_CONVERSION = YES;
				CLANG_WARN_INT_CONVERSION = YES;
				CLANG_WARN_OBJC_ROOT_CLASS = YES_ERROR;
				CLANG_WARN_UNREACHABLE_CODE = YES;
				CLANG_WARN__DUPLICATE_METHOD_MATCH = YES;
				"CODE_SIGN_IDENTITY[sdk=iphoneos*]" = "iPhone Developer";
				COPY_PHASE_STRIP = NO;
				DEBUG_INFORMATION_FORMAT = dwarf;
				ENABLE_STRICT_OBJC_MSGSEND = YES;
				ENABLE_TESTABILITY = YES;
				GCC_C_LANGUAGE_STANDARD = gnu99;
				GCC_DYNAMIC_NO_PIC = NO;
				GCC_NO_COMMON_BLOCKS = YES;
				GCC_OPTIMIZATION_LEVEL = 0;
				GCC_PREPROCESSOR_DEFINITIONS = (
					"DEBUG=1",
					"$(inherited)",
				);
				GCC_WARN_64_TO_32_BIT_CONVERSION = YES;
				GCC_WARN_ABOUT_RETURN_TYPE = YES_ERROR;
				GCC_WARN_UNDECLARED_SELECTOR = YES;
				GCC_WARN_UNINITIALIZED_AUTOS = YES_AGGRESSIVE;
				GCC_WARN_UNUSED_FUNCTION = YES;
				GCC_WARN_UNUSED_VARIABLE = YES;
				IPHONEOS_DEPLOYMENT_TARGET = 9.1;
				MTL_ENABLE_DEBUG_INFO = YES;
				ONLY_ACTIVE_ARCH = YES;
				SDKROOT = iphoneos;
				SWIFT_OPTIMIZATION_LEVEL = "-Onone";
			};
			name = Debug;
		};
		D144C4291C150B6D007B0840 /* Release */ = {
			isa = XCBuildConfiguration;
			buildSettings = {
				ALWAYS_SEARCH_USER_PATHS = NO;
				CLANG_CXX_LANGUAGE_STANDARD = "gnu++0x";
				CLANG_CXX_LIBRARY = "libc++";
				CLANG_ENABLE_MODULES = YES;
				CLANG_ENABLE_OBJC_ARC = YES;
				CLANG_WARN_BOOL_CONVERSION = YES;
				CLANG_WARN_CONSTANT_CONVERSION = YES;
				CLANG_WARN_DIRECT_OBJC_ISA_USAGE = YES_ERROR;
				CLANG_WARN_EMPTY_BODY = YES;
				CLANG_WARN_ENUM_CONVERSION = YES;
				CLANG_WARN_INT_CONVERSION = YES;
				CLANG_WARN_OBJC_ROOT_CLASS = YES_ERROR;
				CLANG_WARN_UNREACHABLE_CODE = YES;
				CLANG_WARN__DUPLICATE_METHOD_MATCH = YES;
				"CODE_SIGN_IDENTITY[sdk=iphoneos*]" = "iPhone Developer";
				COPY_PHASE_STRIP = NO;
				DEBUG_INFORMATION_FORMAT = "dwarf-with-dsym";
				ENABLE_NS_ASSERTIONS = NO;
				ENABLE_STRICT_OBJC_MSGSEND = YES;
				GCC_C_LANGUAGE_STANDARD = gnu99;
				GCC_NO_COMMON_BLOCKS = YES;
				GCC_WARN_64_TO_32_BIT_CONVERSION = YES;
				GCC_WARN_ABOUT_RETURN_TYPE = YES_ERROR;
				GCC_WARN_UNDECLARED_SELECTOR = YES;
				GCC_WARN_UNINITIALIZED_AUTOS = YES_AGGRESSIVE;
				GCC_WARN_UNUSED_FUNCTION = YES;
				GCC_WARN_UNUSED_VARIABLE = YES;
				IPHONEOS_DEPLOYMENT_TARGET = 9.1;
				MTL_ENABLE_DEBUG_INFO = NO;
				SDKROOT = iphoneos;
				VALIDATE_PRODUCT = YES;
			};
			name = Release;
		};
		D144C42B1C150B6D007B0840 /* Debug */ = {
			isa = XCBuildConfiguration;
			buildSettings = {
				ASSETCATALOG_COMPILER_APPICON_NAME = AppIcon;
				INFOPLIST_FILE = GuessTheNumber/Info.plist;
				LD_RUNPATH_SEARCH_PATHS = "$(inherited) @executable_path/Frameworks";
				PRODUCT_BUNDLE_IDENTIFIER = jp.osser.GuessTheNumber;
				PRODUCT_NAME = "$(TARGET_NAME)";
			};
			name = Debug;
		};
		D144C42C1C150B6D007B0840 /* Release */ = {
			isa = XCBuildConfiguration;
			buildSettings = {
				ASSETCATALOG_COMPILER_APPICON_NAME = AppIcon;
				INFOPLIST_FILE = GuessTheNumber/Info.plist;
				LD_RUNPATH_SEARCH_PATHS = "$(inherited) @executable_path/Frameworks";
				PRODUCT_BUNDLE_IDENTIFIER = jp.osser.GuessTheNumber;
				PRODUCT_NAME = "$(TARGET_NAME)";
			};
			name = Release;
		};
		D144C42E1C150B6D007B0840 /* Debug */ = {
			isa = XCBuildConfiguration;
			buildSettings = {
				BUNDLE_LOADER = "$(TEST_HOST)";
				INFOPLIST_FILE = GuessTheNumberTests/Info.plist;
				LD_RUNPATH_SEARCH_PATHS = "$(inherited) @executable_path/Frameworks @loader_path/Frameworks";
				PRODUCT_BUNDLE_IDENTIFIER = jp.osser.GuessTheNumberTests;
				PRODUCT_NAME = "$(TARGET_NAME)";
				TEST_HOST = "$(BUILT_PRODUCTS_DIR)/GuessTheNumber.app/GuessTheNumber";
			};
			name = Debug;
		};
		D144C42F1C150B6D007B0840 /* Release */ = {
			isa = XCBuildConfiguration;
			buildSettings = {
				BUNDLE_LOADER = "$(TEST_HOST)";
				INFOPLIST_FILE = GuessTheNumberTests/Info.plist;
				LD_RUNPATH_SEARCH_PATHS = "$(inherited) @executable_path/Frameworks @loader_path/Frameworks";
				PRODUCT_BUNDLE_IDENTIFIER = jp.osser.GuessTheNumberTests;
				PRODUCT_NAME = "$(TARGET_NAME)";
				TEST_HOST = "$(BUILT_PRODUCTS_DIR)/GuessTheNumber.app/GuessTheNumber";
			};
			name = Release;
		};
/* End XCBuildConfiguration section */

/* Begin XCConfigurationList section */
		D144C4081C150B6D007B0840 /* Build configuration list for PBXProject "GuessTheNumber" */ = {
			isa = XCConfigurationList;
			buildConfigurations = (
				D144C4281C150B6D007B0840 /* Debug */,
				D144C4291C150B6D007B0840 /* Release */,
			);
			defaultConfigurationIsVisible = 0;
			defaultConfigurationName = Release;
		};
		D144C42A1C150B6D007B0840 /* Build configuration list for PBXNativeTarget "GuessTheNumber" */ = {
			isa = XCConfigurationList;
			buildConfigurations = (
				D144C42B1C150B6D007B0840 /* Debug */,
				D144C42C1C150B6D007B0840 /* Release */,
			);
			defaultConfigurationIsVisible = 0;
		};
		D144C42D1C150B6D007B0840 /* Build configuration list for PBXNativeTarget "GuessTheNumberTests" */ = {
			isa = XCConfigurationList;
			buildConfigurations = (
				D144C42E1C150B6D007B0840 /* Debug */,
				D144C42F1C150B6D007B0840 /* Release */,
			);
			defaultConfigurationIsVisible = 0;
		};
/* End XCConfigurationList section */
	};
	rootObject = D144C4051C150B6D007B0840 /* Project object */;
}
