// !$*UTF8*$!
{
	archiveVersion = 1;
	classes = {
	};
	objectVersion = 46;
	objects = {

/* Begin PBXBuildFile section */
		D12482DB1C1DB0B800883C2C /* UIKit003.swift in Sources */ = {isa = PBXBuildFile; fileRef = D12482DA1C1DB0B800883C2C /* UIKit003.swift */; };
		D12482DD1C1DB71900883C2C /* ViewManager.swift in Sources */ = {isa = PBXBuildFile; fileRef = D12482DC1C1DB71900883C2C /* ViewManager.swift */; };
		D12482E31C1DBB8700883C2C /* UIKit004.swift in Sources */ = {isa = PBXBuildFile; fileRef = D12482E21C1DBB8700883C2C /* UIKit004.swift */; };
		D12482E51C1DBCAE00883C2C /* UIKit005.swift in Sources */ = {isa = PBXBuildFile; fileRef = D12482E41C1DBCAE00883C2C /* UIKit005.swift */; };
		D12482E71C1DBF1B00883C2C /* UIKit006.swift in Sources */ = {isa = PBXBuildFile; fileRef = D12482E61C1DBF1B00883C2C /* UIKit006.swift */; };
		D130AD471C1AFB600069D85D /* AppDelegate.swift in Sources */ = {isa = PBXBuildFile; fileRef = D130AD461C1AFB600069D85D /* AppDelegate.swift */; };
		D130AD491C1AFB600069D85D /* MainViewController.swift in Sources */ = {isa = PBXBuildFile; fileRef = D130AD481C1AFB600069D85D /* MainViewController.swift */; };
		D130AD4C1C1AFB600069D85D /* Main.storyboard in Resources */ = {isa = PBXBuildFile; fileRef = D130AD4A1C1AFB600069D85D /* Main.storyboard */; };
		D130AD4E1C1AFB600069D85D /* Assets.xcassets in Resources */ = {isa = PBXBuildFile; fileRef = D130AD4D1C1AFB600069D85D /* Assets.xcassets */; };
		D130AD511C1AFB600069D85D /* LaunchScreen.storyboard in Resources */ = {isa = PBXBuildFile; fileRef = D130AD4F1C1AFB600069D85D /* LaunchScreen.storyboard */; };
		D130AD5C1C1AFB600069D85D /* SampleListTests.swift in Sources */ = {isa = PBXBuildFile; fileRef = D130AD5B1C1AFB600069D85D /* SampleListTests.swift */; };
		D130AD681C1AFC910069D85D /* color_palette.png in Resources */ = {isa = PBXBuildFile; fileRef = D130AD671C1AFC910069D85D /* color_palette.png */; };
		D130AD6A1C1AFCA50069D85D /* UIColor.swift in Sources */ = {isa = PBXBuildFile; fileRef = D130AD691C1AFCA50069D85D /* UIColor.swift */; };
		D130AD6D1C1AFD050069D85D /* UIViewController.swift in Sources */ = {isa = PBXBuildFile; fileRef = D130AD6C1C1AFD050069D85D /* UIViewController.swift */; };
		D130AD701C1B02640069D85D /* UIKit001.swift in Sources */ = {isa = PBXBuildFile; fileRef = D130AD6F1C1B02640069D85D /* UIKit001.swift */; };
		D130AD721C1B02EA0069D85D /* ViewTemplate.swift in Sources */ = {isa = PBXBuildFile; fileRef = D130AD711C1B02EA0069D85D /* ViewTemplate.swift */; };
		D130AD741C1B9CFC0069D85D /* NotImplementViewController.swift in Sources */ = {isa = PBXBuildFile; fileRef = D130AD731C1B9CFC0069D85D /* NotImplementViewController.swift */; };
		D130AD761C1C0AE20069D85D /* UIKitIndexViewController.swift in Sources */ = {isa = PBXBuildFile; fileRef = D130AD751C1C0AE20069D85D /* UIKitIndexViewController.swift */; };
		D130AD7C1C1C42470069D85D /* UIKit002.swift in Sources */ = {isa = PBXBuildFile; fileRef = D130AD7B1C1C42470069D85D /* UIKit002.swift */; };
		D1C3199D1C204212004154E1 /* UIKit007.swift in Sources */ = {isa = PBXBuildFile; fileRef = D1C3199C1C204212004154E1 /* UIKit007.swift */; };
		D1C3199F1C204926004154E1 /* UIKit008.swift in Sources */ = {isa = PBXBuildFile; fileRef = D1C3199E1C204926004154E1 /* UIKit008.swift */; };
		D1C319A11C204AC7004154E1 /* UIKit009.swift in Sources */ = {isa = PBXBuildFile; fileRef = D1C319A01C204AC7004154E1 /* UIKit009.swift */; };
		D1C319A31C204D54004154E1 /* UIKit010.swift in Sources */ = {isa = PBXBuildFile; fileRef = D1C319A21C204D54004154E1 /* UIKit010.swift */; };
		D1C319A51C204E74004154E1 /* UIKit011.swift in Sources */ = {isa = PBXBuildFile; fileRef = D1C319A41C204E74004154E1 /* UIKit011.swift */; };
		F0C50E683E7117EE4ED14B27 /* Pods_SampleList.framework in Frameworks */ = {isa = PBXBuildFile; fileRef = C83CEAB44D0710727D218847 /* Pods_SampleList.framework */; };
/* End PBXBuildFile section */

/* Begin PBXContainerItemProxy section */
		D130AD581C1AFB600069D85D /* PBXContainerItemProxy */ = {
			isa = PBXContainerItemProxy;
			containerPortal = D130AD3B1C1AFB600069D85D /* Project object */;
			proxyType = 1;
			remoteGlobalIDString = D130AD421C1AFB600069D85D;
			remoteInfo = SampleList;
		};
/* End PBXContainerItemProxy section */

/* Begin PBXFileReference section */
		0254C0DDB8B2DE538DAE5B8F /* Pods-SampleList.debug.xcconfig */ = {isa = PBXFileReference; includeInIndex = 1; lastKnownFileType = text.xcconfig; name = "Pods-SampleList.debug.xcconfig"; path = "Pods/Target Support Files/Pods-SampleList/Pods-SampleList.debug.xcconfig"; sourceTree = "<group>"; };
		2043669460EDDDC4E46FB72D /* Pods-SampleList.release.xcconfig */ = {isa = PBXFileReference; includeInIndex = 1; lastKnownFileType = text.xcconfig; name = "Pods-SampleList.release.xcconfig"; path = "Pods/Target Support Files/Pods-SampleList/Pods-SampleList.release.xcconfig"; sourceTree = "<group>"; };
		C83CEAB44D0710727D218847 /* Pods_SampleList.framework */ = {isa = PBXFileReference; explicitFileType = wrapper.framework; includeInIndex = 0; path = Pods_SampleList.framework; sourceTree = BUILT_PRODUCTS_DIR; };
		D12482DA1C1DB0B800883C2C /* UIKit003.swift */ = {isa = PBXFileReference; fileEncoding = 4; lastKnownFileType = sourcecode.swift; path = UIKit003.swift; sourceTree = "<group>"; };
		D12482DC1C1DB71900883C2C /* ViewManager.swift */ = {isa = PBXFileReference; fileEncoding = 4; lastKnownFileType = sourcecode.swift; path = ViewManager.swift; sourceTree = "<group>"; };
		D12482E21C1DBB8700883C2C /* UIKit004.swift */ = {isa = PBXFileReference; fileEncoding = 4; lastKnownFileType = sourcecode.swift; path = UIKit004.swift; sourceTree = "<group>"; };
		D12482E41C1DBCAE00883C2C /* UIKit005.swift */ = {isa = PBXFileReference; fileEncoding = 4; lastKnownFileType = sourcecode.swift; path = UIKit005.swift; sourceTree = "<group>"; };
		D12482E61C1DBF1B00883C2C /* UIKit006.swift */ = {isa = PBXFileReference; fileEncoding = 4; lastKnownFileType = sourcecode.swift; path = UIKit006.swift; sourceTree = "<group>"; };
		D130AD431C1AFB600069D85D /* SampleList.app */ = {isa = PBXFileReference; explicitFileType = wrapper.application; includeInIndex = 0; path = SampleList.app; sourceTree = BUILT_PRODUCTS_DIR; };
		D130AD461C1AFB600069D85D /* AppDelegate.swift */ = {isa = PBXFileReference; lastKnownFileType = sourcecode.swift; path = AppDelegate.swift; sourceTree = "<group>"; };
		D130AD481C1AFB600069D85D /* MainViewController.swift */ = {isa = PBXFileReference; lastKnownFileType = sourcecode.swift; path = MainViewController.swift; sourceTree = "<group>"; };
		D130AD4B1C1AFB600069D85D /* Base */ = {isa = PBXFileReference; lastKnownFileType = file.storyboard; name = Base; path = Base.lproj/Main.storyboard; sourceTree = "<group>"; };
		D130AD4D1C1AFB600069D85D /* Assets.xcassets */ = {isa = PBXFileReference; lastKnownFileType = folder.assetcatalog; path = Assets.xcassets; sourceTree = "<group>"; };
		D130AD501C1AFB600069D85D /* Base */ = {isa = PBXFileReference; lastKnownFileType = file.storyboard; name = Base; path = Base.lproj/LaunchScreen.storyboard; sourceTree = "<group>"; };
		D130AD521C1AFB600069D85D /* Info.plist */ = {isa = PBXFileReference; lastKnownFileType = text.plist.xml; path = Info.plist; sourceTree = "<group>"; };
		D130AD571C1AFB600069D85D /* SampleListTests.xctest */ = {isa = PBXFileReference; explicitFileType = wrapper.cfbundle; includeInIndex = 0; path = SampleListTests.xctest; sourceTree = BUILT_PRODUCTS_DIR; };
		D130AD5B1C1AFB600069D85D /* SampleListTests.swift */ = {isa = PBXFileReference; lastKnownFileType = sourcecode.swift; path = SampleListTests.swift; sourceTree = "<group>"; };
		D130AD5D1C1AFB600069D85D /* Info.plist */ = {isa = PBXFileReference; lastKnownFileType = text.plist.xml; path = Info.plist; sourceTree = "<group>"; };
		D130AD671C1AFC910069D85D /* color_palette.png */ = {isa = PBXFileReference; lastKnownFileType = image.png; path = color_palette.png; sourceTree = "<group>"; };
		D130AD691C1AFCA50069D85D /* UIColor.swift */ = {isa = PBXFileReference; fileEncoding = 4; lastKnownFileType = sourcecode.swift; path = UIColor.swift; sourceTree = "<group>"; };
		D130AD6C1C1AFD050069D85D /* UIViewController.swift */ = {isa = PBXFileReference; fileEncoding = 4; lastKnownFileType = sourcecode.swift; path = UIViewController.swift; sourceTree = "<group>"; };
		D130AD6F1C1B02640069D85D /* UIKit001.swift */ = {isa = PBXFileReference; fileEncoding = 4; lastKnownFileType = sourcecode.swift; path = UIKit001.swift; sourceTree = "<group>"; };
		D130AD711C1B02EA0069D85D /* ViewTemplate.swift */ = {isa = PBXFileReference; fileEncoding = 4; lastKnownFileType = sourcecode.swift; path = ViewTemplate.swift; sourceTree = "<group>"; };
		D130AD731C1B9CFC0069D85D /* NotImplementViewController.swift */ = {isa = PBXFileReference; fileEncoding = 4; lastKnownFileType = sourcecode.swift; path = NotImplementViewController.swift; sourceTree = "<group>"; };
		D130AD751C1C0AE20069D85D /* UIKitIndexViewController.swift */ = {isa = PBXFileReference; fileEncoding = 4; lastKnownFileType = sourcecode.swift; path = UIKitIndexViewController.swift; sourceTree = "<group>"; };
		D130AD7B1C1C42470069D85D /* UIKit002.swift */ = {isa = PBXFileReference; fileEncoding = 4; lastKnownFileType = sourcecode.swift; path = UIKit002.swift; sourceTree = "<group>"; };
		D1C3199C1C204212004154E1 /* UIKit007.swift */ = {isa = PBXFileReference; fileEncoding = 4; lastKnownFileType = sourcecode.swift; path = UIKit007.swift; sourceTree = "<group>"; };
		D1C3199E1C204926004154E1 /* UIKit008.swift */ = {isa = PBXFileReference; fileEncoding = 4; lastKnownFileType = sourcecode.swift; path = UIKit008.swift; sourceTree = "<group>"; };
		D1C319A01C204AC7004154E1 /* UIKit009.swift */ = {isa = PBXFileReference; fileEncoding = 4; lastKnownFileType = sourcecode.swift; path = UIKit009.swift; sourceTree = "<group>"; };
		D1C319A21C204D54004154E1 /* UIKit010.swift */ = {isa = PBXFileReference; fileEncoding = 4; lastKnownFileType = sourcecode.swift; path = UIKit010.swift; sourceTree = "<group>"; };
		D1C319A41C204E74004154E1 /* UIKit011.swift */ = {isa = PBXFileReference; fileEncoding = 4; lastKnownFileType = sourcecode.swift; path = UIKit011.swift; sourceTree = "<group>"; };
/* End PBXFileReference section */

/* Begin PBXFrameworksBuildPhase section */
		D130AD401C1AFB600069D85D /* Frameworks */ = {
			isa = PBXFrameworksBuildPhase;
			buildActionMask = 2147483647;
			files = (
				F0C50E683E7117EE4ED14B27 /* Pods_SampleList.framework in Frameworks */,
			);
			runOnlyForDeploymentPostprocessing = 0;
		};
		D130AD541C1AFB600069D85D /* Frameworks */ = {
			isa = PBXFrameworksBuildPhase;
			buildActionMask = 2147483647;
			files = (
			);
			runOnlyForDeploymentPostprocessing = 0;
		};
/* End PBXFrameworksBuildPhase section */

/* Begin PBXGroup section */
		4E83C36AA01514AF6F0A924E /* Pods */ = {
			isa = PBXGroup;
			children = (
				0254C0DDB8B2DE538DAE5B8F /* Pods-SampleList.debug.xcconfig */,
				2043669460EDDDC4E46FB72D /* Pods-SampleList.release.xcconfig */,
			);
			name = Pods;
			sourceTree = "<group>";
		};
		92722CAB9674F7BD49DB686A /* Frameworks */ = {
			isa = PBXGroup;
			children = (
				C83CEAB44D0710727D218847 /* Pods_SampleList.framework */,
			);
			name = Frameworks;
			sourceTree = "<group>";
		};
		D130AD3A1C1AFB600069D85D = {
			isa = PBXGroup;
			children = (
				D130AD451C1AFB600069D85D /* SampleList */,
				D130AD5A1C1AFB600069D85D /* SampleListTests */,
				D130AD441C1AFB600069D85D /* Products */,
				4E83C36AA01514AF6F0A924E /* Pods */,
				92722CAB9674F7BD49DB686A /* Frameworks */,
			);
			sourceTree = "<group>";
		};
		D130AD441C1AFB600069D85D /* Products */ = {
			isa = PBXGroup;
			children = (
				D130AD431C1AFB600069D85D /* SampleList.app */,
				D130AD571C1AFB600069D85D /* SampleListTests.xctest */,
			);
			name = Products;
			sourceTree = "<group>";
		};
		D130AD451C1AFB600069D85D /* SampleList */ = {
			isa = PBXGroup;
			children = (
				D130AD6B1C1AFCF10069D85D /* Extra */,
				D130AD661C1AFC080069D85D /* System */,
				D130AD6E1C1B02370069D85D /* UIKit */,
				D130AD4D1C1AFB600069D85D /* Assets.xcassets */,
				D130AD481C1AFB600069D85D /* MainViewController.swift */,
				D130AD711C1B02EA0069D85D /* ViewTemplate.swift */,
			);
			path = SampleList;
			sourceTree = "<group>";
		};
		D130AD5A1C1AFB600069D85D /* SampleListTests */ = {
			isa = PBXGroup;
			children = (
				D130AD5B1C1AFB600069D85D /* SampleListTests.swift */,
				D130AD5D1C1AFB600069D85D /* Info.plist */,
			);
			path = SampleListTests;
			sourceTree = "<group>";
		};
		D130AD661C1AFC080069D85D /* System */ = {
			isa = PBXGroup;
			children = (
				D130AD461C1AFB600069D85D /* AppDelegate.swift */,
				D130AD521C1AFB600069D85D /* Info.plist */,
				D130AD4F1C1AFB600069D85D /* LaunchScreen.storyboard */,
				D130AD4A1C1AFB600069D85D /* Main.storyboard */,
			);
			name = System;
			sourceTree = "<group>";
		};
		D130AD6B1C1AFCF10069D85D /* Extra */ = {
			isa = PBXGroup;
			children = (
				D130AD731C1B9CFC0069D85D /* NotImplementViewController.swift */,
				D130AD671C1AFC910069D85D /* color_palette.png */,
				D130AD691C1AFCA50069D85D /* UIColor.swift */,
				D130AD6C1C1AFD050069D85D /* UIViewController.swift */,
				D12482DC1C1DB71900883C2C /* ViewManager.swift */,
			);
			name = Extra;
			sourceTree = "<group>";
		};
		D130AD6E1C1B02370069D85D /* UIKit */ = {
			isa = PBXGroup;
			children = (
				D130AD751C1C0AE20069D85D /* UIKitIndexViewController.swift */,
				D130AD6F1C1B02640069D85D /* UIKit001.swift */,
				D130AD7B1C1C42470069D85D /* UIKit002.swift */,
				D12482DA1C1DB0B800883C2C /* UIKit003.swift */,
				D12482E21C1DBB8700883C2C /* UIKit004.swift */,
				D12482E41C1DBCAE00883C2C /* UIKit005.swift */,
				D12482E61C1DBF1B00883C2C /* UIKit006.swift */,
				D1C3199C1C204212004154E1 /* UIKit007.swift */,
				D1C3199E1C204926004154E1 /* UIKit008.swift */,
				D1C319A01C204AC7004154E1 /* UIKit009.swift */,
				D1C319A21C204D54004154E1 /* UIKit010.swift */,
				D1C319A41C204E74004154E1 /* UIKit011.swift */,
			);
			name = UIKit;
			sourceTree = "<group>";
		};
/* End PBXGroup section */

/* Begin PBXNativeTarget section */
		D130AD421C1AFB600069D85D /* SampleList */ = {
			isa = PBXNativeTarget;
			buildConfigurationList = D130AD601C1AFB600069D85D /* Build configuration list for PBXNativeTarget "SampleList" */;
			buildPhases = (
				83486C890599A547AE137D09 /* Check Pods Manifest.lock */,
				D130AD3F1C1AFB600069D85D /* Sources */,
				D130AD401C1AFB600069D85D /* Frameworks */,
				D130AD411C1AFB600069D85D /* Resources */,
				DB9B543B6B51490EB6C91C52 /* Embed Pods Frameworks */,
				DB055E1534D3DE3FC5A8D560 /* Copy Pods Resources */,
			);
			buildRules = (
			);
			dependencies = (
			);
			name = SampleList;
			productName = SampleList;
			productReference = D130AD431C1AFB600069D85D /* SampleList.app */;
			productType = "com.apple.product-type.application";
		};
		D130AD561C1AFB600069D85D /* SampleListTests */ = {
			isa = PBXNativeTarget;
			buildConfigurationList = D130AD631C1AFB600069D85D /* Build configuration list for PBXNativeTarget "SampleListTests" */;
			buildPhases = (
				D130AD531C1AFB600069D85D /* Sources */,
				D130AD541C1AFB600069D85D /* Frameworks */,
				D130AD551C1AFB600069D85D /* Resources */,
			);
			buildRules = (
			);
			dependencies = (
				D130AD591C1AFB600069D85D /* PBXTargetDependency */,
			);
			name = SampleListTests;
			productName = SampleListTests;
			productReference = D130AD571C1AFB600069D85D /* SampleListTests.xctest */;
			productType = "com.apple.product-type.bundle.unit-test";
		};
/* End PBXNativeTarget section */

/* Begin PBXProject section */
		D130AD3B1C1AFB600069D85D /* Project object */ = {
			isa = PBXProject;
			attributes = {
				LastSwiftUpdateCheck = 0720;
				LastUpgradeCheck = 0720;
				ORGANIZATIONNAME = xiaoma;
				TargetAttributes = {
					D130AD421C1AFB600069D85D = {
						CreatedOnToolsVersion = 7.2;
					};
					D130AD561C1AFB600069D85D = {
						CreatedOnToolsVersion = 7.2;
						TestTargetID = D130AD421C1AFB600069D85D;
					};
				};
			};
			buildConfigurationList = D130AD3E1C1AFB600069D85D /* Build configuration list for PBXProject "SampleList" */;
			compatibilityVersion = "Xcode 3.2";
			developmentRegion = English;
			hasScannedForEncodings = 0;
			knownRegions = (
				en,
				Base,
			);
			mainGroup = D130AD3A1C1AFB600069D85D;
			productRefGroup = D130AD441C1AFB600069D85D /* Products */;
			projectDirPath = "";
			projectRoot = "";
			targets = (
				D130AD421C1AFB600069D85D /* SampleList */,
				D130AD561C1AFB600069D85D /* SampleListTests */,
			);
		};
/* End PBXProject section */

/* Begin PBXResourcesBuildPhase section */
		D130AD411C1AFB600069D85D /* Resources */ = {
			isa = PBXResourcesBuildPhase;
			buildActionMask = 2147483647;
			files = (
				D130AD511C1AFB600069D85D /* LaunchScreen.storyboard in Resources */,
				D130AD681C1AFC910069D85D /* color_palette.png in Resources */,
				D130AD4E1C1AFB600069D85D /* Assets.xcassets in Resources */,
				D130AD4C1C1AFB600069D85D /* Main.storyboard in Resources */,
			);
			runOnlyForDeploymentPostprocessing = 0;
		};
		D130AD551C1AFB600069D85D /* Resources */ = {
			isa = PBXResourcesBuildPhase;
			buildActionMask = 2147483647;
			files = (
			);
			runOnlyForDeploymentPostprocessing = 0;
		};
/* End PBXResourcesBuildPhase section */

/* Begin PBXShellScriptBuildPhase section */
		83486C890599A547AE137D09 /* Check Pods Manifest.lock */ = {
			isa = PBXShellScriptBuildPhase;
			buildActionMask = 2147483647;
			files = (
			);
			inputPaths = (
			);
			name = "Check Pods Manifest.lock";
			outputPaths = (
			);
			runOnlyForDeploymentPostprocessing = 0;
			shellPath = /bin/sh;
			shellScript = "diff \"${PODS_ROOT}/../Podfile.lock\" \"${PODS_ROOT}/Manifest.lock\" > /dev/null\nif [[ $? != 0 ]] ; then\n    cat << EOM\nerror: The sandbox is not in sync with the Podfile.lock. Run 'pod install' or update your CocoaPods installation.\nEOM\n    exit 1\nfi\n";
			showEnvVarsInLog = 0;
		};
		DB055E1534D3DE3FC5A8D560 /* Copy Pods Resources */ = {
			isa = PBXShellScriptBuildPhase;
			buildActionMask = 2147483647;
			files = (
			);
			inputPaths = (
			);
			name = "Copy Pods Resources";
			outputPaths = (
			);
			runOnlyForDeploymentPostprocessing = 0;
			shellPath = /bin/sh;
			shellScript = "\"${SRCROOT}/Pods/Target Support Files/Pods-SampleList/Pods-SampleList-resources.sh\"\n";
			showEnvVarsInLog = 0;
		};
		DB9B543B6B51490EB6C91C52 /* Embed Pods Frameworks */ = {
			isa = PBXShellScriptBuildPhase;
			buildActionMask = 2147483647;
			files = (
			);
			inputPaths = (
			);
			name = "Embed Pods Frameworks";
			outputPaths = (
			);
			runOnlyForDeploymentPostprocessing = 0;
			shellPath = /bin/sh;
			shellScript = "\"${SRCROOT}/Pods/Target Support Files/Pods-SampleList/Pods-SampleList-frameworks.sh\"\n";
			showEnvVarsInLog = 0;
		};
/* End PBXShellScriptBuildPhase section */

/* Begin PBXSourcesBuildPhase section */
		D130AD3F1C1AFB600069D85D /* Sources */ = {
			isa = PBXSourcesBuildPhase;
			buildActionMask = 2147483647;
			files = (
				D130AD701C1B02640069D85D /* UIKit001.swift in Sources */,
				D130AD491C1AFB600069D85D /* MainViewController.swift in Sources */,
				D130AD721C1B02EA0069D85D /* ViewTemplate.swift in Sources */,
				D12482E71C1DBF1B00883C2C /* UIKit006.swift in Sources */,
				D130AD761C1C0AE20069D85D /* UIKitIndexViewController.swift in Sources */,
				D12482DB1C1DB0B800883C2C /* UIKit003.swift in Sources */,
				D12482E51C1DBCAE00883C2C /* UIKit005.swift in Sources */,
				D1C3199F1C204926004154E1 /* UIKit008.swift in Sources */,
				D130AD6A1C1AFCA50069D85D /* UIColor.swift in Sources */,
				D130AD741C1B9CFC0069D85D /* NotImplementViewController.swift in Sources */,
				D1C319A31C204D54004154E1 /* UIKit010.swift in Sources */,
				D12482DD1C1DB71900883C2C /* ViewManager.swift in Sources */,
				D130AD6D1C1AFD050069D85D /* UIViewController.swift in Sources */,
				D1C319A51C204E74004154E1 /* UIKit011.swift in Sources */,
				D130AD471C1AFB600069D85D /* AppDelegate.swift in Sources */,
				D130AD7C1C1C42470069D85D /* UIKit002.swift in Sources */,
				D12482E31C1DBB8700883C2C /* UIKit004.swift in Sources */,
				D1C319A11C204AC7004154E1 /* UIKit009.swift in Sources */,
				D1C3199D1C204212004154E1 /* UIKit007.swift in Sources */,
			);
			runOnlyForDeploymentPostprocessing = 0;
		};
		D130AD531C1AFB600069D85D /* Sources */ = {
			isa = PBXSourcesBuildPhase;
			buildActionMask = 2147483647;
			files = (
				D130AD5C1C1AFB600069D85D /* SampleListTests.swift in Sources */,
			);
			runOnlyForDeploymentPostprocessing = 0;
		};
/* End PBXSourcesBuildPhase section */

/* Begin PBXTargetDependency section */
		D130AD591C1AFB600069D85D /* PBXTargetDependency */ = {
			isa = PBXTargetDependency;
			target = D130AD421C1AFB600069D85D /* SampleList */;
			targetProxy = D130AD581C1AFB600069D85D /* PBXContainerItemProxy */;
		};
/* End PBXTargetDependency section */

/* Begin PBXVariantGroup section */
		D130AD4A1C1AFB600069D85D /* Main.storyboard */ = {
			isa = PBXVariantGroup;
			children = (
				D130AD4B1C1AFB600069D85D /* Base */,
			);
			name = Main.storyboard;
			sourceTree = "<group>";
		};
		D130AD4F1C1AFB600069D85D /* LaunchScreen.storyboard */ = {
			isa = PBXVariantGroup;
			children = (
				D130AD501C1AFB600069D85D /* Base */,
			);
			name = LaunchScreen.storyboard;
			sourceTree = "<group>";
		};
/* End PBXVariantGroup section */

/* Begin XCBuildConfiguration section */
		D130AD5E1C1AFB600069D85D /* Debug */ = {
			isa = XCBuildConfiguration;
			buildSettings = {
				ALWAYS_SEARCH_USER_PATHS = NO;
				CLANG_CXX_LANGUAGE_STANDARD = "gnu++0x";
				CLANG_CXX_LIBRARY = "libc++";
				CLANG_ENABLE_MODULES = YES;
				CLANG_ENABLE_OBJC_ARC = YES;
				CLANG_WARN_BOOL_CONVERSION = YES;
				CLANG_WARN_CONSTANT_CONVERSION = YES;
				CLANG_WARN_DIRECT_OBJC_ISA_USAGE = YES_ERROR;
				CLANG_WARN_EMPTY_BODY = YES;
				CLANG_WARN_ENUM_CONVERSION = YES;
				CLANG_WARN_INT_CONVERSION = YES;
				CLANG_WARN_OBJC_ROOT_CLASS = YES_ERROR;
				CLANG_WARN_UNREACHABLE_CODE = YES;
				CLANG_WARN__DUPLICATE_METHOD_MATCH = YES;
				"CODE_SIGN_IDENTITY[sdk=iphoneos*]" = "iPhone Developer";
				COPY_PHASE_STRIP = NO;
				DEBUG_INFORMATION_FORMAT = dwarf;
				ENABLE_STRICT_OBJC_MSGSEND = YES;
				ENABLE_TESTABILITY = YES;
				GCC_C_LANGUAGE_STANDARD = gnu99;
				GCC_DYNAMIC_NO_PIC = NO;
				GCC_NO_COMMON_BLOCKS = YES;
				GCC_OPTIMIZATION_LEVEL = 0;
				GCC_PREPROCESSOR_DEFINITIONS = (
					"DEBUG=1",
					"$(inherited)",
				);
				GCC_WARN_64_TO_32_BIT_CONVERSION = YES;
				GCC_WARN_ABOUT_RETURN_TYPE = YES_ERROR;
				GCC_WARN_UNDECLARED_SELECTOR = YES;
				GCC_WARN_UNINITIALIZED_AUTOS = YES_AGGRESSIVE;
				GCC_WARN_UNUSED_FUNCTION = YES;
				GCC_WARN_UNUSED_VARIABLE = YES;
				IPHONEOS_DEPLOYMENT_TARGET = 8.0;
				MTL_ENABLE_DEBUG_INFO = YES;
				ONLY_ACTIVE_ARCH = YES;
				SDKROOT = iphoneos;
				SWIFT_OPTIMIZATION_LEVEL = "-Onone";
			};
			name = Debug;
		};
		D130AD5F1C1AFB600069D85D /* Release */ = {
			isa = XCBuildConfiguration;
			buildSettings = {
				ALWAYS_SEARCH_USER_PATHS = NO;
				CLANG_CXX_LANGUAGE_STANDARD = "gnu++0x";
				CLANG_CXX_LIBRARY = "libc++";
				CLANG_ENABLE_MODULES = YES;
				CLANG_ENABLE_OBJC_ARC = YES;
				CLANG_WARN_BOOL_CONVERSION = YES;
				CLANG_WARN_CONSTANT_CONVERSION = YES;
				CLANG_WARN_DIRECT_OBJC_ISA_USAGE = YES_ERROR;
				CLANG_WARN_EMPTY_BODY = YES;
				CLANG_WARN_ENUM_CONVERSION = YES;
				CLANG_WARN_INT_CONVERSION = YES;
				CLANG_WARN_OBJC_ROOT_CLASS = YES_ERROR;
				CLANG_WARN_UNREACHABLE_CODE = YES;
				CLANG_WARN__DUPLICATE_METHOD_MATCH = YES;
				"CODE_SIGN_IDENTITY[sdk=iphoneos*]" = "iPhone Developer";
				COPY_PHASE_STRIP = NO;
				DEBUG_INFORMATION_FORMAT = "dwarf-with-dsym";
				ENABLE_NS_ASSERTIONS = NO;
				ENABLE_STRICT_OBJC_MSGSEND = YES;
				GCC_C_LANGUAGE_STANDARD = gnu99;
				GCC_NO_COMMON_BLOCKS = YES;
				GCC_WARN_64_TO_32_BIT_CONVERSION = YES;
				GCC_WARN_ABOUT_RETURN_TYPE = YES_ERROR;
				GCC_WARN_UNDECLARED_SELECTOR = YES;
				GCC_WARN_UNINITIALIZED_AUTOS = YES_AGGRESSIVE;
				GCC_WARN_UNUSED_FUNCTION = YES;
				GCC_WARN_UNUSED_VARIABLE = YES;
				IPHONEOS_DEPLOYMENT_TARGET = 8.0;
				MTL_ENABLE_DEBUG_INFO = NO;
				SDKROOT = iphoneos;
				VALIDATE_PRODUCT = YES;
			};
			name = Release;
		};
		D130AD611C1AFB600069D85D /* Debug */ = {
			isa = XCBuildConfiguration;
			baseConfigurationReference = 0254C0DDB8B2DE538DAE5B8F /* Pods-SampleList.debug.xcconfig */;
			buildSettings = {
				ASSETCATALOG_COMPILER_APPICON_NAME = AppIcon;
				INFOPLIST_FILE = SampleList/Info.plist;
				LD_RUNPATH_SEARCH_PATHS = "$(inherited) @executable_path/Frameworks";
				PRODUCT_BUNDLE_IDENTIFIER = jp.osser.SampleList;
				PRODUCT_NAME = "$(TARGET_NAME)";
			};
			name = Debug;
		};
		D130AD621C1AFB600069D85D /* Release */ = {
			isa = XCBuildConfiguration;
			baseConfigurationReference = 2043669460EDDDC4E46FB72D /* Pods-SampleList.release.xcconfig */;
			buildSettings = {
				ASSETCATALOG_COMPILER_APPICON_NAME = AppIcon;
				INFOPLIST_FILE = SampleList/Info.plist;
				LD_RUNPATH_SEARCH_PATHS = "$(inherited) @executable_path/Frameworks";
				PRODUCT_BUNDLE_IDENTIFIER = jp.osser.SampleList;
				PRODUCT_NAME = "$(TARGET_NAME)";
			};
			name = Release;
		};
		D130AD641C1AFB600069D85D /* Debug */ = {
			isa = XCBuildConfiguration;
			buildSettings = {
				BUNDLE_LOADER = "$(TEST_HOST)";
				INFOPLIST_FILE = SampleListTests/Info.plist;
				LD_RUNPATH_SEARCH_PATHS = "$(inherited) @executable_path/Frameworks @loader_path/Frameworks";
				PRODUCT_BUNDLE_IDENTIFIER = jp.osser.SampleListTests;
				PRODUCT_NAME = "$(TARGET_NAME)";
				TEST_HOST = "$(BUILT_PRODUCTS_DIR)/SampleList.app/SampleList";
			};
			name = Debug;
		};
		D130AD651C1AFB600069D85D /* Release */ = {
			isa = XCBuildConfiguration;
			buildSettings = {
				BUNDLE_LOADER = "$(TEST_HOST)";
				INFOPLIST_FILE = SampleListTests/Info.plist;
				LD_RUNPATH_SEARCH_PATHS = "$(inherited) @executable_path/Frameworks @loader_path/Frameworks";
				PRODUCT_BUNDLE_IDENTIFIER = jp.osser.SampleListTests;
				PRODUCT_NAME = "$(TARGET_NAME)";
				TEST_HOST = "$(BUILT_PRODUCTS_DIR)/SampleList.app/SampleList";
			};
			name = Release;
		};
/* End XCBuildConfiguration section */

/* Begin XCConfigurationList section */
		D130AD3E1C1AFB600069D85D /* Build configuration list for PBXProject "SampleList" */ = {
			isa = XCConfigurationList;
			buildConfigurations = (
				D130AD5E1C1AFB600069D85D /* Debug */,
				D130AD5F1C1AFB600069D85D /* Release */,
			);
			defaultConfigurationIsVisible = 0;
			defaultConfigurationName = Release;
		};
		D130AD601C1AFB600069D85D /* Build configuration list for PBXNativeTarget "SampleList" */ = {
			isa = XCConfigurationList;
			buildConfigurations = (
				D130AD611C1AFB600069D85D /* Debug */,
				D130AD621C1AFB600069D85D /* Release */,
			);
			defaultConfigurationIsVisible = 0;
			defaultConfigurationName = Release;
		};
		D130AD631C1AFB600069D85D /* Build configuration list for PBXNativeTarget "SampleListTests" */ = {
			isa = XCConfigurationList;
			buildConfigurations = (
				D130AD641C1AFB600069D85D /* Debug */,
				D130AD651C1AFB600069D85D /* Release */,
			);
			defaultConfigurationIsVisible = 0;
			defaultConfigurationName = Release;
		};
/* End XCConfigurationList section */
	};
	rootObject = D130AD3B1C1AFB600069D85D /* Project object */;
}
